# This file is automatically @generated by Cargo.
# It is not intended for manual editing.
[[package]]
name = "hello"
version = "0.1.0"
dependencies = [
 "serde",
]

[[package]]
name = "serde"
version = "1.0.106"
source = "registry+https://github.com/rust-lang/crates.io-index"
checksum = "36df6ac6412072f67cf767ebbde4133a5b2e88e76dc6187fa7104cd16f783399"
