# This file is automatically @generated by Cargo.
# It is not intended for manual editing.
[[package]]
name = "atomic-polyfill"
version = "0.1.2"
source = "registry+https://github.com/rust-lang/crates.io-index"
checksum = "30302dda7a66f8c55932ebf208f7def840743ff64d495e9ceffcd97c18f11d39"
dependencies = [
 "cortex-m",
]

[[package]]
name = "bare-metal"
version = "0.2.5"
source = "registry+https://github.com/rust-lang/crates.io-index"
checksum = "5deb64efa5bd81e31fcd1938615a6d98c82eafcbcd787162b6f63b91d6bac5b3"
dependencies = [
 "rustc_version",
]

[[package]]
name = "bitfield"
version = "0.13.2"
source = "registry+https://github.com/rust-lang/crates.io-index"
checksum = "46afbd2983a5d5a7bd740ccb198caf5b82f45c40c09c0eed36052d91cb92e719"

[[package]]
name = "byteorder"
version = "1.3.4"
source = "registry+https://github.com/rust-lang/crates.io-index"
checksum = "08c48aae112d48ed9f069b33538ea9e3e90aa263cfa3d1c24309612b1f7472de"

[[package]]
name = "cortex-m"
version = "0.7.2"
source = "registry+https://github.com/rust-lang/crates.io-index"
checksum = "643a210c1bdc23d0db511e2a576082f4ff4dcae9d0c37f50b431b8f8439d6d6b"
dependencies = [
 "bare-metal",
 "bitfield",
 "embedded-hal",
 "volatile-register",
]

[[package]]
name = "cortex-m-rt"
version = "0.6.14"
source = "registry+https://github.com/rust-lang/crates.io-index"
checksum = "b6d8353767db816419630a76d5f1ad5b09610d22b67ceb59647df6a8abc667f8"
dependencies = [
 "cortex-m-rt-macros",
 "r0",
]

[[package]]
name = "cortex-m-rt-macros"
version = "0.1.8"
source = "registry+https://github.com/rust-lang/crates.io-index"
checksum = "4717562afbba06e760d34451919f5c3bf3ac15c7bb897e8b04862a7428378647"
dependencies = [
 "proc-macro2",
 "quote",
 "syn",
]

[[package]]
name = "cortex-m-semihosting"
version = "0.3.7"
source = "registry+https://github.com/rust-lang/crates.io-index"
checksum = "6bffa6c1454368a6aa4811ae60964c38e6996d397ff8095a8b9211b1c1f749bc"
dependencies = [
 "cortex-m",
]

[[package]]
name = "embedded-hal"
version = "0.2.5"
source = "registry+https://github.com/rust-lang/crates.io-index"
checksum = "db184d3fa27bc7a2344250394c0264144dfe0bc81a4401801dcb964b8dd172ad"
dependencies = [
 "nb 0.1.3",
 "void",
]

[[package]]
name = "hash32"
version = "0.2.1"
source = "registry+https://github.com/rust-lang/crates.io-index"
checksum = "b0c35f58762feb77d74ebe43bdbc3210f09be9fe6742234d573bacc26ed92b67"
dependencies = [
 "byteorder",
]

[[package]]
name = "heapless"
version = "0.7.1"
source = "registry+https://github.com/rust-lang/crates.io-index"
checksum = "c7ee8a997d259962217f40279f34201fdf06e669bafa69d7c1f4c7ff1893b5f6"
dependencies = [
 "atomic-polyfill",
 "hash32",
 "stable_deref_trait",
]

[[package]]
name = "hello"
version = "0.1.0"
dependencies = [
 "cortex-m-rt",
 "cortex-m-semihosting",
 "heapless",
 "panic-halt",
]

[[package]]
name = "nb"
version = "0.1.3"
source = "registry+https://github.com/rust-lang/crates.io-index"
checksum = "801d31da0513b6ec5214e9bf433a77966320625a37860f910be265be6e18d06f"
dependencies = [
 "nb 1.0.0",
]

[[package]]
name = "nb"
version = "1.0.0"
source = "registry+https://github.com/rust-lang/crates.io-index"
checksum = "546c37ac5d9e56f55e73b677106873d9d9f5190605e41a856503623648488cae"

[[package]]
name = "panic-halt"
version = "0.2.0"
source = "registry+https://github.com/rust-lang/crates.io-index"
checksum = "de96540e0ebde571dc55c73d60ef407c653844e6f9a1e2fdbd40c07b9252d812"

[[package]]
name = "proc-macro2"
version = "1.0.10"
source = "registry+https://github.com/rust-lang/crates.io-index"
checksum = "df246d292ff63439fea9bc8c0a270bed0e390d5ebd4db4ba15aba81111b5abe3"
dependencies = [
 "unicode-xid",
]

[[package]]
name = "quote"
version = "1.0.3"
source = "registry+https://github.com/rust-lang/crates.io-index"
checksum = "2bdc6c187c65bca4260c9011c9e3132efe4909da44726bad24cf7572ae338d7f"
dependencies = [
 "proc-macro2",
]

[[package]]
name = "r0"
version = "0.2.2"
source = "registry+https://github.com/rust-lang/crates.io-index"
checksum = "e2a38df5b15c8d5c7e8654189744d8e396bddc18ad48041a500ce52d6948941f"

[[package]]
name = "rustc_version"
version = "0.2.3"
source = "registry+https://github.com/rust-lang/crates.io-index"
checksum = "138e3e0acb6c9fb258b19b67cb8abd63c00679d2851805ea151465464fe9030a"
dependencies = [
 "semver",
]

[[package]]
name = "semver"
version = "0.9.0"
source = "registry+https://github.com/rust-lang/crates.io-index"
checksum = "1d7eb9ef2c18661902cc47e535f9bc51b78acd254da71d375c2f6720d9a40403"
dependencies = [
 "semver-parser",
]

[[package]]
name = "semver-parser"
version = "0.7.0"
source = "registry+https://github.com/rust-lang/crates.io-index"
checksum = "388a1df253eca08550bef6c72392cfe7c30914bf41df5269b68cbd6ff8f570a3"

[[package]]
name = "stable_deref_trait"
version = "1.1.1"
source = "registry+https://github.com/rust-lang/crates.io-index"
checksum = "dba1a27d3efae4351c8051072d619e3ade2820635c3958d826bfea39d59b54c8"

[[package]]
name = "syn"
version = "1.0.17"
source = "registry+https://github.com/rust-lang/crates.io-index"
checksum = "0df0eb663f387145cab623dea85b09c2c5b4b0aef44e945d928e682fce71bb03"
dependencies = [
 "proc-macro2",
 "quote",
 "unicode-xid",
]

[[package]]
name = "unicode-xid"
version = "0.2.0"
source = "registry+https://github.com/rust-lang/crates.io-index"
checksum = "826e7639553986605ec5979c7dd957c7895e93eabed50ab2ffa7f6128a75097c"

[[package]]
name = "vcell"
version = "0.1.2"
source = "registry+https://github.com/rust-lang/crates.io-index"
checksum = "876e32dcadfe563a4289e994f7cb391197f362b6315dc45e8ba4aa6f564a4b3c"

[[package]]
name = "void"
version = "1.0.2"
source = "registry+https://github.com/rust-lang/crates.io-index"
checksum = "6a02e4885ed3bc0f2de90ea6dd45ebcbb66dacffe03547fadbb0eeae2770887d"

[[package]]
name = "volatile-register"
version = "0.2.0"
source = "registry+https://github.com/rust-lang/crates.io-index"
checksum = "0d67cb4616d99b940db1d6bd28844ff97108b498a6ca850e5b6191a532063286"
dependencies = [
 "vcell",
]
